
Microsoft Visual Studio Solution File, Format Version 12.00
# Visual Studio Version 16
VisualStudioVersion = 16.0.32413.511
MinimumVisualStudioVersion = 10.0.40219.1
Project("{FAE04EC0-301F-11D3-BF4B-00C04F79EFBC}") = "HelloWorld", "HelloWorld\HelloWorld.csproj", "{E0F2CB7E-FDCF-4204-A530-2CEAC6D2C628}"
EndProject
Global
	GlobalSection(SolutionConfigurationPlatforms) = preSolution
		Debug|Any CPU = Debug|Any CPU
		Release|Any CPU = Release|Any CPU
	EndGlobalSection
	GlobalSection(ProjectConfigurationPlatforms) = postSolution
		{E0F2CB7E-FDCF-4204-A530-2CEAC6D2C628}.Debug|Any CPU.ActiveCfg = Debug|Any CPU
		{E0F2CB7E-FDCF-4204-A530-2CEAC6D2C628}.Debug|Any CPU.Build.0 = Debug|Any CPU
		{E0F2CB7E-FDCF-4204-A530-2CEAC6D2C628}.Release|Any CPU.ActiveCfg = Release|Any CPU
		{E0F2CB7E-FDCF-4204-A530-2CEAC6D2C628}.Release|Any CPU.Build.0 = Release|Any CPU
	EndGlobalSection
	GlobalSection(SolutionProperties) = preSolution
		HideSolutionNode = FALSE
	EndGlobalSection
	GlobalSection(ExtensibilityGlobals) = postSolution
		SolutionGuid = {69AA9C98-D943-4D64-BFA3-6FB7575D6F16}
	EndGlobalSection
EndGlobal
